Microsoft Visual Studio Solution File, Format Version 11.00
# Visual Studio 2008

Project("{51410DB2-8570-737B-A495-110236DE2A7E}") = "New Unity Project", "Assembly-CSharp-firstpass-vs.csproj", "{79391AC5-8752-B4CC-F33F-BB9EB1094377}"
EndProject
Project("{51410DB2-8570-737B-A495-110236DE2A7E}") = "New Unity Project", "Assembly-CSharp-vs.csproj", "{B2B58FB2-4462-6B0C-A872-40DD957E5FE0}"
EndProject
Global
	GlobalSection(SolutionConfigurationPlatforms) = preSolution
		Debug|Any CPU = Debug|Any CPU
		Release|Any CPU = Release|Any CPU
	EndGlobalSection
	GlobalSection(ProjectConfigurationPlatforms) = postSolution
		{79391AC5-8752-B4CC-F33F-BB9EB1094377}.Debug|Any CPU.ActiveCfg = Debug|Any CPU
		{79391AC5-8752-B4CC-F33F-BB9EB1094377}.Debug|Any CPU.Build.0 = Debug|Any CPU
		{79391AC5-8752-B4CC-F33F-BB9EB1094377}.Release|Any CPU.ActiveCfg = Release|Any CPU
		{79391AC5-8752-B4CC-F33F-BB9EB1094377}.Release|Any CPU.Build.0 = Release|Any CPU
		{B2B58FB2-4462-6B0C-A872-40DD957E5FE0}.Debug|Any CPU.ActiveCfg = Debug|Any CPU
		{B2B58FB2-4462-6B0C-A872-40DD957E5FE0}.Debug|Any CPU.Build.0 = Debug|Any CPU
		{B2B58FB2-4462-6B0C-A872-40DD957E5FE0}.Release|Any CPU.ActiveCfg = Release|Any CPU
		{B2B58FB2-4462-6B0C-A872-40DD957E5FE0}.Release|Any CPU.Build.0 = Release|Any CPU
	EndGlobalSection
	GlobalSection(SolutionProperties) = preSolution
		HideSolutionNode = FALSE
	EndGlobalSection
																																																																																																																																																																									GlobalSection(MonoDevelopProperties) = preSolution
=======
																																																																																																																																																											GlobalSection(MonoDevelopProperties) = preSolution
=======
																																																																																																																																																										GlobalSection(MonoDevelopProperties) = preSolution
>>>>>>> origin/master
>>>>>>> origin/master
=======
																																																																																																																																																				GlobalSection(MonoDevelopProperties) = preSolution
>>>>>>> origin/master
=======
																																																																																																																																												GlobalSection(MonoDevelopProperties) = preSolution
>>>>>>> origin/master
=======
																																																																																																																																				GlobalSection(MonoDevelopProperties) = preSolution
>>>>>>> origin/master
=======
																																																																																																																																		GlobalSection(MonoDevelopProperties) = preSolution
>>>>>>> origin/master
=======
																																																																																																																																			GlobalSection(MonoDevelopProperties) = preSolution
>>>>>>> origin/master
=======
<<<<<<< HEAD
<<<<<<< HEAD
<<<<<<< HEAD
<<<<<<< HEAD
																																																																																																																												GlobalSection(MonoDevelopProperties) = preSolution
=======
																																																																																																																									GlobalSection(MonoDevelopProperties) = preSolution
>>>>>>> parent of e6c3bac... Added music, new sounds & edited saker
=======
																																																																																																																											GlobalSection(MonoDevelopProperties) = preSolution
>>>>>>> 58edd8c16cdb63430b83dba3b78c786119e2c5a7
=======
																																																																																																																																							GlobalSection(MonoDevelopProperties) = preSolution
>>>>>>> 97f10e5d189eea7ba649a7c6a9f7900d62fbd7e1
>>>>>>> origin/master
=======
<<<<<<< HEAD
																																																																																																																																												GlobalSection(MonoDevelopProperties) = preSolution
=======
<<<<<<< HEAD
																																																																																																																									GlobalSection(MonoDevelopProperties) = preSolution
>>>>>>> origin/master
=======
																																																																																																																																							GlobalSection(MonoDevelopProperties) = preSolution
>>>>>>> origin/master
>>>>>>> e7ff725ad27373eb0823b70c602deb68ae8e1b54
=======
<<<<<<< HEAD
																																																																																																																							GlobalSection(MonoDevelopProperties) = preSolution
=======
																																																																																																													GlobalSection(MonoDevelopProperties) = preSolution
>>>>>>> origin/master
>>>>>>> origin/master
=======
<<<<<<< HEAD
																																																																																																GlobalSection(MonoDevelopProperties) = preSolution
=======
																																																																																																				GlobalSection(MonoDevelopProperties) = preSolution
>>>>>>> 13d398d9b6192e0d2b3310825d3a15e4d1c2eddb
=======
																																																																																																					GlobalSection(MonoDevelopProperties) = preSolution
>>>>>>> origin/master
>>>>>>> origin/master
=======
																																																																																													GlobalSection(MonoDevelopProperties) = preSolution
>>>>>>> origin/master
=======
<<<<<<< HEAD
																																																																																																				GlobalSection(MonoDevelopProperties) = preSolution
=======
																																																																																																					GlobalSection(MonoDevelopProperties) = preSolution
>>>>>>> origin/master
<<<<<<< HEAD
>>>>>>> origin/master
=======
>>>>>>> origin/master
=======
																																																																																													GlobalSection(MonoDevelopProperties) = preSolution
>>>>>>> origin/master
		StartupItem = Assembly-CSharp.csproj
		Policies = $0
		$0.TextStylePolicy = $1
		$1.inheritsSet = null
		$1.scope = text/x-csharp
		$0.CSharpFormattingPolicy = $2
		$2.inheritsSet = Mono
		$2.inheritsScope = text/x-csharp
		$2.scope = text/x-csharp
		$0.TextStylePolicy = $3
		$3.FileWidth = 120
		$3.TabWidth = 4
		$3.EolMarker = Unix
		$3.inheritsSet = Mono
		$3.inheritsScope = text/plain
		$3.scope = text/plain
	EndGlobalSection

EndGlobal
